// !$*UTF8*$!
{
	archiveVersion = 1;
	classes = {
	};
	objectVersion = 46;
	objects = {

/* Begin PBXBuildFile section */
		A278E5551C69F92B00429205 /* main.m in Sources */ = {isa = PBXBuildFile; fileRef = A278E5541C69F92B00429205 /* main.m */; };
		A278E5581C69F92B00429205 /* AppDelegate.m in Sources */ = {isa = PBXBuildFile; fileRef = A278E5571C69F92B00429205 /* AppDelegate.m */; };
		A278E55B1C69F92B00429205 /* ViewController.m in Sources */ = {isa = PBXBuildFile; fileRef = A278E55A1C69F92B00429205 /* ViewController.m */; };
		A278E55E1C69F92B00429205 /* Main.storyboard in Resources */ = {isa = PBXBuildFile; fileRef = A278E55C1C69F92B00429205 /* Main.storyboard */; };
		A278E5601C69F92B00429205 /* Assets.xcassets in Resources */ = {isa = PBXBuildFile; fileRef = A278E55F1C69F92B00429205 /* Assets.xcassets */; };
		A278E5631C69F92B00429205 /* LaunchScreen.storyboard in Resources */ = {isa = PBXBuildFile; fileRef = A278E5611C69F92B00429205 /* LaunchScreen.storyboard */; };
		A278E5AF1C69F9DA00429205 /* CoreLocation.framework in Frameworks */ = {isa = PBXBuildFile; fileRef = A278E5AE1C69F9DA00429205 /* CoreLocation.framework */; };
		A278E5B11C69FAC500429205 /* CoreBluetooth.framework in Frameworks */ = {isa = PBXBuildFile; fileRef = A278E5B01C69FAC500429205 /* CoreBluetooth.framework */; };
		A27E58631C9B414B007753ED /* README.txt in Resources */ = {isa = PBXBuildFile; fileRef = A27E58621C9B414B007753ED /* README.txt */; };
		A2D70F7D1C6A16EC0018BFF6 /* InfoPlist.strings in Resources */ = {isa = PBXBuildFile; fileRef = A2D70F7C1C6A16EC0018BFF6 /* InfoPlist.strings */; };
		A2FD3F061C85A2FC00B9ACB0 /* libSpothillSDK.a in Frameworks */ = {isa = PBXBuildFile; fileRef = A2FD3F021C85A2FC00B9ACB0 /* libSpothillSDK.a */; };
		A2FD3F081C85A2FC00B9ACB0 /* SpothillSDKBundle.bundle in Resources */ = {isa = PBXBuildFile; fileRef = A2FD3F041C85A2FC00B9ACB0 /* SpothillSDKBundle.bundle */; };
/* End PBXBuildFile section */

/* Begin PBXFileReference section */
		A278E5501C69F92B00429205 /* SpothillExample.app */ = {isa = PBXFileReference; explicitFileType = wrapper.application; includeInIndex = 0; path = SpothillExample.app; sourceTree = BUILT_PRODUCTS_DIR; };
		A278E5541C69F92B00429205 /* main.m */ = {isa = PBXFileReference; lastKnownFileType = sourcecode.c.objc; path = main.m; sourceTree = "<group>"; };
		A278E5561C69F92B00429205 /* AppDelegate.h */ = {isa = PBXFileReference; lastKnownFileType = sourcecode.c.h; path = AppDelegate.h; sourceTree = "<group>"; };
		A278E5571C69F92B00429205 /* AppDelegate.m */ = {isa = PBXFileReference; lastKnownFileType = sourcecode.c.objc; path = AppDelegate.m; sourceTree = "<group>"; };
		A278E5591C69F92B00429205 /* ViewController.h */ = {isa = PBXFileReference; lastKnownFileType = sourcecode.c.h; path = ViewController.h; sourceTree = "<group>"; };
		A278E55A1C69F92B00429205 /* ViewController.m */ = {isa = PBXFileReference; lastKnownFileType = sourcecode.c.objc; path = ViewController.m; sourceTree = "<group>"; };
		A278E55D1C69F92B00429205 /* Base */ = {isa = PBXFileReference; lastKnownFileType = file.storyboard; name = Base; path = Base.lproj/Main.storyboard; sourceTree = "<group>"; };
		A278E55F1C69F92B00429205 /* Assets.xcassets */ = {isa = PBXFileReference; lastKnownFileType = folder.assetcatalog; path = Assets.xcassets; sourceTree = "<group>"; };
		A278E5621C69F92B00429205 /* Base */ = {isa = PBXFileReference; lastKnownFileType = file.storyboard; name = Base; path = Base.lproj/LaunchScreen.storyboard; sourceTree = "<group>"; };
		A278E5641C69F92B00429205 /* Info.plist */ = {isa = PBXFileReference; lastKnownFileType = text.plist.xml; path = Info.plist; sourceTree = "<group>"; };
		A278E5AE1C69F9DA00429205 /* CoreLocation.framework */ = {isa = PBXFileReference; lastKnownFileType = wrapper.framework; name = CoreLocation.framework; path = System/Library/Frameworks/CoreLocation.framework; sourceTree = SDKROOT; };
		A278E5B01C69FAC500429205 /* CoreBluetooth.framework */ = {isa = PBXFileReference; lastKnownFileType = wrapper.framework; name = CoreBluetooth.framework; path = System/Library/Frameworks/CoreBluetooth.framework; sourceTree = SDKROOT; };
		A27E58621C9B414B007753ED /* README.txt */ = {isa = PBXFileReference; fileEncoding = 4; lastKnownFileType = text; path = README.txt; sourceTree = "<group>"; };
		A2D70F7C1C6A16EC0018BFF6 /* InfoPlist.strings */ = {isa = PBXFileReference; fileEncoding = 4; lastKnownFileType = text.plist.strings; path = InfoPlist.strings; sourceTree = "<group>"; };
		A2FD3EC61C85A2FC00B9ACB0 /* MagicalImportFunctions.h */ = {isa = PBXFileReference; fileEncoding = 4; lastKnownFileType = sourcecode.c.h; path = MagicalImportFunctions.h; sourceTree = "<group>"; };
		A2FD3EC71C85A2FC00B9ACB0 /* MagicalRecord+Actions.h */ = {isa = PBXFileReference; fileEncoding = 4; lastKnownFileType = sourcecode.c.h; path = "MagicalRecord+Actions.h"; sourceTree = "<group>"; };
		A2FD3EC81C85A2FC00B9ACB0 /* MagicalRecord+ErrorHandling.h */ = {isa = PBXFileReference; fileEncoding = 4; lastKnownFileType = sourcecode.c.h; path = "MagicalRecord+ErrorHandling.h"; sourceTree = "<group>"; };
		A2FD3EC91C85A2FC00B9ACB0 /* MagicalRecord+iCloud.h */ = {isa = PBXFileReference; fileEncoding = 4; lastKnownFileType = sourcecode.c.h; path = "MagicalRecord+iCloud.h"; sourceTree = "<group>"; };
		A2FD3ECA1C85A2FC00B9ACB0 /* MagicalRecord+Options.h */ = {isa = PBXFileReference; fileEncoding = 4; lastKnownFileType = sourcecode.c.h; path = "MagicalRecord+Options.h"; sourceTree = "<group>"; };
		A2FD3ECB1C85A2FC00B9ACB0 /* MagicalRecord+Setup.h */ = {isa = PBXFileReference; fileEncoding = 4; lastKnownFileType = sourcecode.c.h; path = "MagicalRecord+Setup.h"; sourceTree = "<group>"; };
		A2FD3ECC1C85A2FC00B9ACB0 /* MagicalRecord+ShorthandMethods.h */ = {isa = PBXFileReference; fileEncoding = 4; lastKnownFileType = sourcecode.c.h; path = "MagicalRecord+ShorthandMethods.h"; sourceTree = "<group>"; };
		A2FD3ECD1C85A2FC00B9ACB0 /* MagicalRecord.h */ = {isa = PBXFileReference; fileEncoding = 4; lastKnownFileType = sourcecode.c.h; path = MagicalRecord.h; sourceTree = "<group>"; };
		A2FD3ECE1C85A2FC00B9ACB0 /* MagicalRecordDeprecationMacros.h */ = {isa = PBXFileReference; fileEncoding = 4; lastKnownFileType = sourcecode.c.h; path = MagicalRecordDeprecationMacros.h; sourceTree = "<group>"; };
		A2FD3ECF1C85A2FC00B9ACB0 /* MagicalRecordInternal.h */ = {isa = PBXFileReference; fileEncoding = 4; lastKnownFileType = sourcecode.c.h; path = MagicalRecordInternal.h; sourceTree = "<group>"; };
		A2FD3ED01C85A2FC00B9ACB0 /* MagicalRecordLogging.h */ = {isa = PBXFileReference; fileEncoding = 4; lastKnownFileType = sourcecode.c.h; path = MagicalRecordLogging.h; sourceTree = "<group>"; };
		A2FD3ED11C85A2FC00B9ACB0 /* MagicalRecordShorthandMethodAliases.h */ = {isa = PBXFileReference; fileEncoding = 4; lastKnownFileType = sourcecode.c.h; path = MagicalRecordShorthandMethodAliases.h; sourceTree = "<group>"; };
		A2FD3ED21C85A2FC00B9ACB0 /* MagicalRecordXcode7CompatibilityMacros.h */ = {isa = PBXFileReference; fileEncoding = 4; lastKnownFileType = sourcecode.c.h; path = MagicalRecordXcode7CompatibilityMacros.h; sourceTree = "<group>"; };
		A2FD3ED31C85A2FC00B9ACB0 /* NSAttributeDescription+MagicalDataImport.h */ = {isa = PBXFileReference; fileEncoding = 4; lastKnownFileType = sourcecode.c.h; path = "NSAttributeDescription+MagicalDataImport.h"; sourceTree = "<group>"; };
		A2FD3ED41C85A2FC00B9ACB0 /* NSEntityDescription+MagicalDataImport.h */ = {isa = PBXFileReference; fileEncoding = 4; lastKnownFileType = sourcecode.c.h; path = "NSEntityDescription+MagicalDataImport.h"; sourceTree = "<group>"; };
		A2FD3ED51C85A2FC00B9ACB0 /* NSManagedObject+MagicalAggregation.h */ = {isa = PBXFileReference; fileEncoding = 4; lastKnownFileType = sourcecode.c.h; path = "NSManagedObject+MagicalAggregation.h"; sourceTree = "<group>"; };
		A2FD3ED61C85A2FC00B9ACB0 /* NSManagedObject+MagicalDataImport.h */ = {isa = PBXFileReference; fileEncoding = 4; lastKnownFileType = sourcecode.c.h; path = "NSManagedObject+MagicalDataImport.h"; sourceTree = "<group>"; };
		A2FD3ED71C85A2FC00B9ACB0 /* NSManagedObject+MagicalFinders.h */ = {isa = PBXFileReference; fileEncoding = 4; lastKnownFileType = sourcecode.c.h; path = "NSManagedObject+MagicalFinders.h"; sourceTree = "<group>"; };
		A2FD3ED81C85A2FC00B9ACB0 /* NSManagedObject+MagicalRecord.h */ = {isa = PBXFileReference; fileEncoding = 4; lastKnownFileType = sourcecode.c.h; path = "NSManagedObject+MagicalRecord.h"; sourceTree = "<group>"; };
		A2FD3ED91C85A2FC00B9ACB0 /* NSManagedObject+MagicalRequests.h */ = {isa = PBXFileReference; fileEncoding = 4; lastKnownFileType = sourcecode.c.h; path = "NSManagedObject+MagicalRequests.h"; sourceTree = "<group>"; };
		A2FD3EDA1C85A2FC00B9ACB0 /* NSManagedObjectContext+MagicalChainSave.h */ = {isa = PBXFileReference; fileEncoding = 4; lastKnownFileType = sourcecode.c.h; path = "NSManagedObjectContext+MagicalChainSave.h"; sourceTree = "<group>"; };
		A2FD3EDB1C85A2FC00B9ACB0 /* NSManagedObjectContext+MagicalObserving.h */ = {isa = PBXFileReference; fileEncoding = 4; lastKnownFileType = sourcecode.c.h; path = "NSManagedObjectContext+MagicalObserving.h"; sourceTree = "<group>"; };
		A2FD3EDC1C85A2FC00B9ACB0 /* NSManagedObjectContext+MagicalRecord.h */ = {isa = PBXFileReference; fileEncoding = 4; lastKnownFileType = sourcecode.c.h; path = "NSManagedObjectContext+MagicalRecord.h"; sourceTree = "<group>"; };
		A2FD3EDD1C85A2FC00B9ACB0 /* NSManagedObjectContext+MagicalSaves.h */ = {isa = PBXFileReference; fileEncoding = 4; lastKnownFileType = sourcecode.c.h; path = "NSManagedObjectContext+MagicalSaves.h"; sourceTree = "<group>"; };
		A2FD3EDE1C85A2FC00B9ACB0 /* NSManagedObjectContext+MagicalThreading.h */ = {isa = PBXFileReference; fileEncoding = 4; lastKnownFileType = sourcecode.c.h; path = "NSManagedObjectContext+MagicalThreading.h"; sourceTree = "<group>"; };
		A2FD3EDF1C85A2FC00B9ACB0 /* NSManagedObjectModel+MagicalRecord.h */ = {isa = PBXFileReference; fileEncoding = 4; lastKnownFileType = sourcecode.c.h; path = "NSManagedObjectModel+MagicalRecord.h"; sourceTree = "<group>"; };
		A2FD3EE01C85A2FC00B9ACB0 /* NSNumber+MagicalDataImport.h */ = {isa = PBXFileReference; fileEncoding = 4; lastKnownFileType = sourcecode.c.h; path = "NSNumber+MagicalDataImport.h"; sourceTree = "<group>"; };
		A2FD3EE11C85A2FC00B9ACB0 /* NSObject+MagicalDataImport.h */ = {isa = PBXFileReference; fileEncoding = 4; lastKnownFileType = sourcecode.c.h; path = "NSObject+MagicalDataImport.h"; sourceTree = "<group>"; };
		A2FD3EE21C85A2FC00B9ACB0 /* NSPersistentStore+MagicalRecord.h */ = {isa = PBXFileReference; fileEncoding = 4; lastKnownFileType = sourcecode.c.h; path = "NSPersistentStore+MagicalRecord.h"; sourceTree = "<group>"; };
		A2FD3EE31C85A2FC00B9ACB0 /* NSPersistentStoreCoordinator+MagicalRecord.h */ = {isa = PBXFileReference; fileEncoding = 4; lastKnownFileType = sourcecode.c.h; path = "NSPersistentStoreCoordinator+MagicalRecord.h"; sourceTree = "<group>"; };
		A2FD3EE41C85A2FC00B9ACB0 /* NSRelationshipDescription+MagicalDataImport.h */ = {isa = PBXFileReference; fileEncoding = 4; lastKnownFileType = sourcecode.c.h; path = "NSRelationshipDescription+MagicalDataImport.h"; sourceTree = "<group>"; };
		A2FD3EE51C85A2FC00B9ACB0 /* NSString+MagicalDataImport.h */ = {isa = PBXFileReference; fileEncoding = 4; lastKnownFileType = sourcecode.c.h; path = "NSString+MagicalDataImport.h"; sourceTree = "<group>"; };
		A2FD3EE71C85A2FC00B9ACB0 /* SpothillSDK.h */ = {isa = PBXFileReference; fileEncoding = 4; lastKnownFileType = sourcecode.c.h; path = SpothillSDK.h; sourceTree = "<group>"; };
		A2FD3EE81C85A2FC00B9ACB0 /* SpothillSDKBackend.h */ = {isa = PBXFileReference; fileEncoding = 4; lastKnownFileType = sourcecode.c.h; path = SpothillSDKBackend.h; sourceTree = "<group>"; };
		A2FD3EE91C85A2FC00B9ACB0 /* SpothillSDKBeaconManager.h */ = {isa = PBXFileReference; fileEncoding = 4; lastKnownFileType = sourcecode.c.h; path = SpothillSDKBeaconManager.h; sourceTree = "<group>"; };
		A2FD3EEA1C85A2FC00B9ACB0 /* SpothillSDKCache.h */ = {isa = PBXFileReference; fileEncoding = 4; lastKnownFileType = sourcecode.c.h; path = SpothillSDKCache.h; sourceTree = "<group>"; };
		A2FD3EEB1C85A2FC00B9ACB0 /* SpothillSDKCampaign+ActionItems.h */ = {isa = PBXFileReference; fileEncoding = 4; lastKnownFileType = sourcecode.c.h; path = "SpothillSDKCampaign+ActionItems.h"; sourceTree = "<group>"; };
		A2FD3EEC1C85A2FC00B9ACB0 /* SpothillSDKCampaign.h */ = {isa = PBXFileReference; fileEncoding = 4; lastKnownFileType = sourcecode.c.h; path = SpothillSDKCampaign.h; sourceTree = "<group>"; };
		A2FD3EED1C85A2FC00B9ACB0 /* SpothillSDKCampaignListTypes.h */ = {isa = PBXFileReference; fileEncoding = 4; lastKnownFileType = sourcecode.c.h; path = SpothillSDKCampaignListTypes.h; sourceTree = "<group>"; };
		A2FD3EEE1C85A2FC00B9ACB0 /* SpothillSDKCategory.h */ = {isa = PBXFileReference; fileEncoding = 4; lastKnownFileType = sourcecode.c.h; path = SpothillSDKCategory.h; sourceTree = "<group>"; };
		A2FD3EEF1C85A2FC00B9ACB0 /* SpothillSDKDBEntities.h */ = {isa = PBXFileReference; fileEncoding = 4; lastKnownFileType = sourcecode.c.h; path = SpothillSDKDBEntities.h; sourceTree = "<group>"; };
		A2FD3EF01C85A2FC00B9ACB0 /* SpothillSDKDBEntity.h */ = {isa = PBXFileReference; fileEncoding = 4; lastKnownFileType = sourcecode.c.h; path = SpothillSDKDBEntity.h; sourceTree = "<group>"; };
		A2FD3EF11C85A2FC00B9ACB0 /* SpothillSDKDBNearbyCampaign.h */ = {isa = PBXFileReference; fileEncoding = 4; lastKnownFileType = sourcecode.c.h; path = SpothillSDKDBNearbyCampaign.h; sourceTree = "<group>"; };
		A2FD3EF21C85A2FC00B9ACB0 /* SpothillSDKDBNearbyGroupCampaign.h */ = {isa = PBXFileReference; fileEncoding = 4; lastKnownFileType = sourcecode.c.h; path = SpothillSDKDBNearbyGroupCampaign.h; sourceTree = "<group>"; };
		A2FD3EF31C85A2FC00B9ACB0 /* SpothillSDKDBSpot.h */ = {isa = PBXFileReference; fileEncoding = 4; lastKnownFileType = sourcecode.c.h; path = SpothillSDKDBSpot.h; sourceTree = "<group>"; };
		A2FD3EF41C85A2FC00B9ACB0 /* SpothillSDKEntities.h */ = {isa = PBXFileReference; fileEncoding = 4; lastKnownFileType = sourcecode.c.h; path = SpothillSDKEntities.h; sourceTree = "<group>"; };
		A2FD3EF51C85A2FC00B9ACB0 /* SpothillSDKEntitySetters.h */ = {isa = PBXFileReference; fileEncoding = 4; lastKnownFileType = sourcecode.c.h; path = SpothillSDKEntitySetters.h; sourceTree = "<group>"; };
		A2FD3EF61C85A2FC00B9ACB0 /* SpothillSDKGroupCampaign.h */ = {isa = PBXFileReference; fileEncoding = 4; lastKnownFileType = sourcecode.c.h; path = SpothillSDKGroupCampaign.h; sourceTree = "<group>"; };
		A2FD3EF71C85A2FC00B9ACB0 /* SpothillSDKIgnoreableEntity.h */ = {isa = PBXFileReference; fileEncoding = 4; lastKnownFileType = sourcecode.c.h; path = SpothillSDKIgnoreableEntity.h; sourceTree = "<group>"; };
		A2FD3EF81C85A2FC00B9ACB0 /* SpothillSDKManager.h */ = {isa = PBXFileReference; fileEncoding = 4; lastKnownFileType = sourcecode.c.h; path = SpothillSDKManager.h; sourceTree = "<group>"; };
		A2FD3EF91C85A2FC00B9ACB0 /* SpothillSDKNotificationService.h */ = {isa = PBXFileReference; fileEncoding = 4; lastKnownFileType = sourcecode.c.h; path = SpothillSDKNotificationService.h; sourceTree = "<group>"; };
		A2FD3EFA1C85A2FC00B9ACB0 /* SpothillSDKProvider.h */ = {isa = PBXFileReference; fileEncoding = 4; lastKnownFileType = sourcecode.c.h; path = SpothillSDKProvider.h; sourceTree = "<group>"; };
		A2FD3EFB1C85A2FC00B9ACB0 /* SpothillSDKServerEntity.h */ = {isa = PBXFileReference; fileEncoding = 4; lastKnownFileType = sourcecode.c.h; path = SpothillSDKServerEntity.h; sourceTree = "<group>"; };
		A2FD3EFC1C85A2FC00B9ACB0 /* SpothillSDKSpot.h */ = {isa = PBXFileReference; fileEncoding = 4; lastKnownFileType = sourcecode.c.h; path = SpothillSDKSpot.h; sourceTree = "<group>"; };
		A2FD3EFD1C85A2FC00B9ACB0 /* SpothillSDKSpotDetailViewController.h */ = {isa = PBXFileReference; fileEncoding = 4; lastKnownFileType = sourcecode.c.h; path = SpothillSDKSpotDetailViewController.h; sourceTree = "<group>"; };
		A2FD3EFE1C85A2FC00B9ACB0 /* SpothillSDKSpotNotification.h */ = {isa = PBXFileReference; fileEncoding = 4; lastKnownFileType = sourcecode.c.h; path = SpothillSDKSpotNotification.h; sourceTree = "<group>"; };
		A2FD3EFF1C85A2FC00B9ACB0 /* SpothillSDKUserProfile.h */ = {isa = PBXFileReference; fileEncoding = 4; lastKnownFileType = sourcecode.c.h; path = SpothillSDKUserProfile.h; sourceTree = "<group>"; };
		A2FD3F001C85A2FC00B9ACB0 /* UIColor+Spothill.h */ = {isa = PBXFileReference; fileEncoding = 4; lastKnownFileType = sourcecode.c.h; path = "UIColor+Spothill.h"; sourceTree = "<group>"; };
		A2FD3F021C85A2FC00B9ACB0 /* libSpothillSDK.a */ = {isa = PBXFileReference; lastKnownFileType = archive.ar; path = libSpothillSDK.a; sourceTree = "<group>"; };
		A2FD3F041C85A2FC00B9ACB0 /* SpothillSDKBundle.bundle */ = {isa = PBXFileReference; lastKnownFileType = "wrapper.plug-in"; path = SpothillSDKBundle.bundle; sourceTree = "<group>"; };
/* End PBXFileReference section */

/* Begin PBXFrameworksBuildPhase section */
		A278E54D1C69F92B00429205 /* Frameworks */ = {
			isa = PBXFrameworksBuildPhase;
			buildActionMask = 2147483647;
			files = (
				A278E5B11C69FAC500429205 /* CoreBluetooth.framework in Frameworks */,
				A278E5AF1C69F9DA00429205 /* CoreLocation.framework in Frameworks */,
				A2FD3F061C85A2FC00B9ACB0 /* libSpothillSDK.a in Frameworks */,
			);
			runOnlyForDeploymentPostprocessing = 0;
		};
/* End PBXFrameworksBuildPhase section */

/* Begin PBXGroup section */
		A278E5471C69F92B00429205 = {
			isa = PBXGroup;
			children = (
				A278E56A1C69F93100429205 /* Frameworks */,
				A278E5521C69F92B00429205 /* SpothillExample */,
				A278E5511C69F92B00429205 /* Products */,
			);
			sourceTree = "<group>";
		};
		A278E5511C69F92B00429205 /* Products */ = {
			isa = PBXGroup;
			children = (
				A278E5501C69F92B00429205 /* SpothillExample.app */,
			);
			name = Products;
			sourceTree = "<group>";
		};
		A278E5521C69F92B00429205 /* SpothillExample */ = {
			isa = PBXGroup;
			children = (
				A27E58621C9B414B007753ED /* README.txt */,
				A278E5561C69F92B00429205 /* AppDelegate.h */,
				A278E5571C69F92B00429205 /* AppDelegate.m */,
				A278E5591C69F92B00429205 /* ViewController.h */,
				A278E55A1C69F92B00429205 /* ViewController.m */,
				A2D70F7C1C6A16EC0018BFF6 /* InfoPlist.strings */,
				A278E55C1C69F92B00429205 /* Main.storyboard */,
				A278E55F1C69F92B00429205 /* Assets.xcassets */,
				A278E5611C69F92B00429205 /* LaunchScreen.storyboard */,
				A278E5641C69F92B00429205 /* Info.plist */,
				A278E5531C69F92B00429205 /* Supporting Files */,
			);
			path = SpothillExample;
			sourceTree = "<group>";
		};
		A278E5531C69F92B00429205 /* Supporting Files */ = {
			isa = PBXGroup;
			children = (
				A278E5541C69F92B00429205 /* main.m */,
			);
			name = "Supporting Files";
			sourceTree = "<group>";
		};
		A278E56A1C69F93100429205 /* Frameworks */ = {
			isa = PBXGroup;
			children = (
				A2FD3EC31C85A2FC00B9ACB0 /* SpothillSDK */,
				A278E5B01C69FAC500429205 /* CoreBluetooth.framework */,
				A278E5AE1C69F9DA00429205 /* CoreLocation.framework */,
			);
			name = Frameworks;
			sourceTree = "<group>";
		};
		A2FD3EC31C85A2FC00B9ACB0 /* SpothillSDK */ = {
			isa = PBXGroup;
			children = (
				A2FD3EC41C85A2FC00B9ACB0 /* include */,
				A2FD3F021C85A2FC00B9ACB0 /* libSpothillSDK.a */,
				A2FD3F041C85A2FC00B9ACB0 /* SpothillSDKBundle.bundle */,
			);
			name = SpothillSDK;
			path = ../SpothillSDK;
			sourceTree = "<group>";
		};
		A2FD3EC41C85A2FC00B9ACB0 /* include */ = {
			isa = PBXGroup;
			children = (
				A2FD3EC51C85A2FC00B9ACB0 /* MagicalRecord */,
				A2FD3EE61C85A2FC00B9ACB0 /* SpothillSDK */,
			);
			path = include;
			sourceTree = "<group>";
		};
		A2FD3EC51C85A2FC00B9ACB0 /* MagicalRecord */ = {
			isa = PBXGroup;
			children = (
				A2FD3EC61C85A2FC00B9ACB0 /* MagicalImportFunctions.h */,
				A2FD3EC71C85A2FC00B9ACB0 /* MagicalRecord+Actions.h */,
				A2FD3EC81C85A2FC00B9ACB0 /* MagicalRecord+ErrorHandling.h */,
				A2FD3EC91C85A2FC00B9ACB0 /* MagicalRecord+iCloud.h */,
				A2FD3ECA1C85A2FC00B9ACB0 /* MagicalRecord+Options.h */,
				A2FD3ECB1C85A2FC00B9ACB0 /* MagicalRecord+Setup.h */,
				A2FD3ECC1C85A2FC00B9ACB0 /* MagicalRecord+ShorthandMethods.h */,
				A2FD3ECD1C85A2FC00B9ACB0 /* MagicalRecord.h */,
				A2FD3ECE1C85A2FC00B9ACB0 /* MagicalRecordDeprecationMacros.h */,
				A2FD3ECF1C85A2FC00B9ACB0 /* MagicalRecordInternal.h */,
				A2FD3ED01C85A2FC00B9ACB0 /* MagicalRecordLogging.h */,
				A2FD3ED11C85A2FC00B9ACB0 /* MagicalRecordShorthandMethodAliases.h */,
				A2FD3ED21C85A2FC00B9ACB0 /* MagicalRecordXcode7CompatibilityMacros.h */,
				A2FD3ED31C85A2FC00B9ACB0 /* NSAttributeDescription+MagicalDataImport.h */,
				A2FD3ED41C85A2FC00B9ACB0 /* NSEntityDescription+MagicalDataImport.h */,
				A2FD3ED51C85A2FC00B9ACB0 /* NSManagedObject+MagicalAggregation.h */,
				A2FD3ED61C85A2FC00B9ACB0 /* NSManagedObject+MagicalDataImport.h */,
				A2FD3ED71C85A2FC00B9ACB0 /* NSManagedObject+MagicalFinders.h */,
				A2FD3ED81C85A2FC00B9ACB0 /* NSManagedObject+MagicalRecord.h */,
				A2FD3ED91C85A2FC00B9ACB0 /* NSManagedObject+MagicalRequests.h */,
				A2FD3EDA1C85A2FC00B9ACB0 /* NSManagedObjectContext+MagicalChainSave.h */,
				A2FD3EDB1C85A2FC00B9ACB0 /* NSManagedObjectContext+MagicalObserving.h */,
				A2FD3EDC1C85A2FC00B9ACB0 /* NSManagedObjectContext+MagicalRecord.h */,
				A2FD3EDD1C85A2FC00B9ACB0 /* NSManagedObjectContext+MagicalSaves.h */,
				A2FD3EDE1C85A2FC00B9ACB0 /* NSManagedObjectContext+MagicalThreading.h */,
				A2FD3EDF1C85A2FC00B9ACB0 /* NSManagedObjectModel+MagicalRecord.h */,
				A2FD3EE01C85A2FC00B9ACB0 /* NSNumber+MagicalDataImport.h */,
				A2FD3EE11C85A2FC00B9ACB0 /* NSObject+MagicalDataImport.h */,
				A2FD3EE21C85A2FC00B9ACB0 /* NSPersistentStore+MagicalRecord.h */,
				A2FD3EE31C85A2FC00B9ACB0 /* NSPersistentStoreCoordinator+MagicalRecord.h */,
				A2FD3EE41C85A2FC00B9ACB0 /* NSRelationshipDescription+MagicalDataImport.h */,
				A2FD3EE51C85A2FC00B9ACB0 /* NSString+MagicalDataImport.h */,
			);
			path = MagicalRecord;
			sourceTree = "<group>";
		};
		A2FD3EE61C85A2FC00B9ACB0 /* SpothillSDK */ = {
			isa = PBXGroup;
			children = (
				A2FD3EE71C85A2FC00B9ACB0 /* SpothillSDK.h */,
				A2FD3EE81C85A2FC00B9ACB0 /* SpothillSDKBackend.h */,
				A2FD3EE91C85A2FC00B9ACB0 /* SpothillSDKBeaconManager.h */,
				A2FD3EEA1C85A2FC00B9ACB0 /* SpothillSDKCache.h */,
				A2FD3EEB1C85A2FC00B9ACB0 /* SpothillSDKCampaign+ActionItems.h */,
				A2FD3EEC1C85A2FC00B9ACB0 /* SpothillSDKCampaign.h */,
				A2FD3EED1C85A2FC00B9ACB0 /* SpothillSDKCampaignListTypes.h */,
				A2FD3EEE1C85A2FC00B9ACB0 /* SpothillSDKCategory.h */,
				A2FD3EEF1C85A2FC00B9ACB0 /* SpothillSDKDBEntities.h */,
				A2FD3EF01C85A2FC00B9ACB0 /* SpothillSDKDBEntity.h */,
				A2FD3EF11C85A2FC00B9ACB0 /* SpothillSDKDBNearbyCampaign.h */,
				A2FD3EF21C85A2FC00B9ACB0 /* SpothillSDKDBNearbyGroupCampaign.h */,
				A2FD3EF31C85A2FC00B9ACB0 /* SpothillSDKDBSpot.h */,
				A2FD3EF41C85A2FC00B9ACB0 /* SpothillSDKEntities.h */,
				A2FD3EF51C85A2FC00B9ACB0 /* SpothillSDKEntitySetters.h */,
				A2FD3EF61C85A2FC00B9ACB0 /* SpothillSDKGroupCampaign.h */,
				A2FD3EF71C85A2FC00B9ACB0 /* SpothillSDKIgnoreableEntity.h */,
				A2FD3EF81C85A2FC00B9ACB0 /* SpothillSDKManager.h */,
				A2FD3EF91C85A2FC00B9ACB0 /* SpothillSDKNotificationService.h */,
				A2FD3EFA1C85A2FC00B9ACB0 /* SpothillSDKProvider.h */,
				A2FD3EFB1C85A2FC00B9ACB0 /* SpothillSDKServerEntity.h */,
				A2FD3EFC1C85A2FC00B9ACB0 /* SpothillSDKSpot.h */,
				A2FD3EFD1C85A2FC00B9ACB0 /* SpothillSDKSpotDetailViewController.h */,
				A2FD3EFE1C85A2FC00B9ACB0 /* SpothillSDKSpotNotification.h */,
				A2FD3EFF1C85A2FC00B9ACB0 /* SpothillSDKUserProfile.h */,
				A2FD3F001C85A2FC00B9ACB0 /* UIColor+Spothill.h */,
			);
			path = SpothillSDK;
			sourceTree = "<group>";
		};
/* End PBXGroup section */

/* Begin PBXNativeTarget section */
		A278E54F1C69F92B00429205 /* SpothillExample */ = {
			isa = PBXNativeTarget;
			buildConfigurationList = A278E5671C69F92B00429205 /* Build configuration list for PBXNativeTarget "SpothillExample" */;
			buildPhases = (
				A278E54C1C69F92B00429205 /* Sources */,
				A278E54D1C69F92B00429205 /* Frameworks */,
				A278E54E1C69F92B00429205 /* Resources */,
			);
			buildRules = (
			);
			dependencies = (
			);
			name = SpothillExample;
			productName = SpothillExample;
			productReference = A278E5501C69F92B00429205 /* SpothillExample.app */;
			productType = "com.apple.product-type.application";
		};
/* End PBXNativeTarget section */

/* Begin PBXProject section */
		A278E5481C69F92B00429205 /* Project object */ = {
			isa = PBXProject;
			attributes = {
				LastUpgradeCheck = 0720;
				ORGANIZATIONNAME = "Martin Krivus";
				TargetAttributes = {
					A278E54F1C69F92B00429205 = {
						CreatedOnToolsVersion = 7.2.1;
					};
				};
			};
			buildConfigurationList = A278E54B1C69F92B00429205 /* Build configuration list for PBXProject "SpothillExample" */;
			compatibilityVersion = "Xcode 3.2";
			developmentRegion = English;
			hasScannedForEncodings = 0;
			knownRegions = (
				en,
				Base,
			);
			mainGroup = A278E5471C69F92B00429205;
			productRefGroup = A278E5511C69F92B00429205 /* Products */;
			projectDirPath = "";
			projectRoot = "";
			targets = (
				A278E54F1C69F92B00429205 /* SpothillExample */,
			);
		};
/* End PBXProject section */

/* Begin PBXResourcesBuildPhase section */
		A278E54E1C69F92B00429205 /* Resources */ = {
			isa = PBXResourcesBuildPhase;
			buildActionMask = 2147483647;
			files = (
				A278E5631C69F92B00429205 /* LaunchScreen.storyboard in Resources */,
				A278E5601C69F92B00429205 /* Assets.xcassets in Resources */,
				A278E55E1C69F92B00429205 /* Main.storyboard in Resources */,
				A2FD3F081C85A2FC00B9ACB0 /* SpothillSDKBundle.bundle in Resources */,
				A27E58631C9B414B007753ED /* README.txt in Resources */,
				A2D70F7D1C6A16EC0018BFF6 /* InfoPlist.strings in Resources */,
			);
			runOnlyForDeploymentPostprocessing = 0;
		};
/* End PBXResourcesBuildPhase section */

/* Begin PBXSourcesBuildPhase section */
		A278E54C1C69F92B00429205 /* Sources */ = {
			isa = PBXSourcesBuildPhase;
			buildActionMask = 2147483647;
			files = (
				A278E55B1C69F92B00429205 /* ViewController.m in Sources */,
				A278E5581C69F92B00429205 /* AppDelegate.m in Sources */,
				A278E5551C69F92B00429205 /* main.m in Sources */,
			);
			runOnlyForDeploymentPostprocessing = 0;
		};
/* End PBXSourcesBuildPhase section */

/* Begin PBXVariantGroup section */
		A278E55C1C69F92B00429205 /* Main.storyboard */ = {
			isa = PBXVariantGroup;
			children = (
				A278E55D1C69F92B00429205 /* Base */,
			);
			name = Main.storyboard;
			sourceTree = "<group>";
		};
		A278E5611C69F92B00429205 /* LaunchScreen.storyboard */ = {
			isa = PBXVariantGroup;
			children = (
				A278E5621C69F92B00429205 /* Base */,
			);
			name = LaunchScreen.storyboard;
			sourceTree = "<group>";
		};
/* End PBXVariantGroup section */

/* Begin XCBuildConfiguration section */
		A278E5651C69F92B00429205 /* Debug */ = {
			isa = XCBuildConfiguration;
			buildSettings = {
				ALWAYS_SEARCH_USER_PATHS = NO;
				CLANG_CXX_LANGUAGE_STANDARD = "gnu++0x";
				CLANG_CXX_LIBRARY = "libc++";
				CLANG_ENABLE_MODULES = YES;
				CLANG_ENABLE_OBJC_ARC = YES;
				CLANG_WARN_BOOL_CONVERSION = YES;
				CLANG_WARN_CONSTANT_CONVERSION = YES;
				CLANG_WARN_DIRECT_OBJC_ISA_USAGE = YES_ERROR;
				CLANG_WARN_EMPTY_BODY = YES;
				CLANG_WARN_ENUM_CONVERSION = YES;
				CLANG_WARN_INT_CONVERSION = YES;
				CLANG_WARN_OBJC_ROOT_CLASS = YES_ERROR;
				CLANG_WARN_UNREACHABLE_CODE = YES;
				CLANG_WARN__DUPLICATE_METHOD_MATCH = YES;
				"CODE_SIGN_IDENTITY[sdk=iphoneos*]" = "iPhone Developer";
				COPY_PHASE_STRIP = NO;
				DEBUG_INFORMATION_FORMAT = dwarf;
				ENABLE_STRICT_OBJC_MSGSEND = YES;
				ENABLE_TESTABILITY = YES;
				GCC_C_LANGUAGE_STANDARD = gnu99;
				GCC_DYNAMIC_NO_PIC = NO;
				GCC_NO_COMMON_BLOCKS = YES;
				GCC_OPTIMIZATION_LEVEL = 0;
				GCC_PREPROCESSOR_DEFINITIONS = (
					"DEBUG=1",
					"$(inherited)",
				);
				GCC_WARN_64_TO_32_BIT_CONVERSION = YES;
				GCC_WARN_ABOUT_RETURN_TYPE = YES_ERROR;
				GCC_WARN_UNDECLARED_SELECTOR = YES;
				GCC_WARN_UNINITIALIZED_AUTOS = YES_AGGRESSIVE;
				GCC_WARN_UNUSED_FUNCTION = YES;
				GCC_WARN_UNUSED_VARIABLE = YES;
				IPHONEOS_DEPLOYMENT_TARGET = 9.2;
				MTL_ENABLE_DEBUG_INFO = YES;
				ONLY_ACTIVE_ARCH = YES;
				SDKROOT = iphoneos;
			};
			name = Debug;
		};
		A278E5661C69F92B00429205 /* Release */ = {
			isa = XCBuildConfiguration;
			buildSettings = {
				ALWAYS_SEARCH_USER_PATHS = NO;
				CLANG_CXX_LANGUAGE_STANDARD = "gnu++0x";
				CLANG_CXX_LIBRARY = "libc++";
				CLANG_ENABLE_MODULES = YES;
				CLANG_ENABLE_OBJC_ARC = YES;
				CLANG_WARN_BOOL_CONVERSION = YES;
				CLANG_WARN_CONSTANT_CONVERSION = YES;
				CLANG_WARN_DIRECT_OBJC_ISA_USAGE = YES_ERROR;
				CLANG_WARN_EMPTY_BODY = YES;
				CLANG_WARN_ENUM_CONVERSION = YES;
				CLANG_WARN_INT_CONVERSION = YES;
				CLANG_WARN_OBJC_ROOT_CLASS = YES_ERROR;
				CLANG_WARN_UNREACHABLE_CODE = YES;
				CLANG_WARN__DUPLICATE_METHOD_MATCH = YES;
				"CODE_SIGN_IDENTITY[sdk=iphoneos*]" = "iPhone Developer";
				COPY_PHASE_STRIP = NO;
				DEBUG_INFORMATION_FORMAT = "dwarf-with-dsym";
				ENABLE_NS_ASSERTIONS = NO;
				ENABLE_STRICT_OBJC_MSGSEND = YES;
				GCC_C_LANGUAGE_STANDARD = gnu99;
				GCC_NO_COMMON_BLOCKS = YES;
				GCC_WARN_64_TO_32_BIT_CONVERSION = YES;
				GCC_WARN_ABOUT_RETURN_TYPE = YES_ERROR;
				GCC_WARN_UNDECLARED_SELECTOR = YES;
				GCC_WARN_UNINITIALIZED_AUTOS = YES_AGGRESSIVE;
				GCC_WARN_UNUSED_FUNCTION = YES;
				GCC_WARN_UNUSED_VARIABLE = YES;
				IPHONEOS_DEPLOYMENT_TARGET = 9.2;
				MTL_ENABLE_DEBUG_INFO = NO;
				SDKROOT = iphoneos;
				VALIDATE_PRODUCT = YES;
			};
			name = Release;
		};
		A278E5681C69F92B00429205 /* Debug */ = {
			isa = XCBuildConfiguration;
			buildSettings = {
				ASSETCATALOG_COMPILER_APPICON_NAME = AppIcon;
				ENABLE_BITCODE = NO;
				HEADER_SEARCH_PATHS = "$(PROJECT_DIR)/**";
				INFOPLIST_FILE = SpothillExample/Info.plist;
				IPHONEOS_DEPLOYMENT_TARGET = 7.1;
				LD_RUNPATH_SEARCH_PATHS = "$(inherited) @executable_path/Frameworks";
				LIBRARY_SEARCH_PATHS = (
					"$(PROJECT_DIR)/SpothillExample/**",
					"$(PROJECT_DIR)/SpothillExample",
				);
				OTHER_LDFLAGS = "-ObjC";
				PRODUCT_BUNDLE_IDENTIFIER = com.spothill.SpothillExample;
				PRODUCT_NAME = "$(TARGET_NAME)";
			};
			name = Debug;
		};
		A278E5691C69F92B00429205 /* Release */ = {
			isa = XCBuildConfiguration;
			buildSettings = {
				ASSETCATALOG_COMPILER_APPICON_NAME = AppIcon;
				ENABLE_BITCODE = NO;
				HEADER_SEARCH_PATHS = "$(PROJECT_DIR)/**";
				INFOPLIST_FILE = SpothillExample/Info.plist;
				IPHONEOS_DEPLOYMENT_TARGET = 7.1;
				LD_RUNPATH_SEARCH_PATHS = "$(inherited) @executable_path/Frameworks";
				LIBRARY_SEARCH_PATHS = (
					"$(PROJECT_DIR)/SpothillExample/**",
					"$(PROJECT_DIR)/SpothillExample",
				);
				OTHER_LDFLAGS = "-ObjC";
				PRODUCT_BUNDLE_IDENTIFIER = com.spothill.SpothillExample;
				PRODUCT_NAME = "$(TARGET_NAME)";
			};
			name = Release;
		};
/* End XCBuildConfiguration section */

/* Begin XCConfigurationList section */
		A278E54B1C69F92B00429205 /* Build configuration list for PBXProject "SpothillExample" */ = {
			isa = XCConfigurationList;
			buildConfigurations = (
				A278E5651C69F92B00429205 /* Debug */,
				A278E5661C69F92B00429205 /* Release */,
			);
			defaultConfigurationIsVisible = 0;
			defaultConfigurationName = Release;
		};
		A278E5671C69F92B00429205 /* Build configuration list for PBXNativeTarget "SpothillExample" */ = {
			isa = XCConfigurationList;
			buildConfigurations = (
				A278E5681C69F92B00429205 /* Debug */,
				A278E5691C69F92B00429205 /* Release */,
			);
			defaultConfigurationIsVisible = 0;
			defaultConfigurationName = Release;
		};
/* End XCConfigurationList section */
	};
	rootObject = A278E5481C69F92B00429205 /* Project object */;
}
